
Microsoft Visual Studio Solution File, Format Version 12.00
# Visual Studio Version 17
VisualStudioVersion = 17.5.33424.131
MinimumVisualStudioVersion = 10.0.40219.1
Project("{FAE04EC0-301F-11D3-BF4B-00C04F79EFBC}") = "BigRationalLib", "BigRationalLib\BigRationalLib.csproj", "{4C100B4C-6833-40ED-AF08-CFC3B6A86775}"
EndProject
Project("{FAE04EC0-301F-11D3-BF4B-00C04F79EFBC}") = "BigRationalTests", "BigRationalTests\BigRationalTests.csproj", "{02C7C9A8-93A8-45C1-AC28-CD3D2063E6A7}"
EndProject
Global
	GlobalSection(SolutionConfigurationPlatforms) = preSolution
		Debug|Any CPU = Debug|Any CPU
		Release|Any CPU = Release|Any CPU
	EndGlobalSection
	GlobalSection(ProjectConfigurationPlatforms) = postSolution
		{4C100B4C-6833-40ED-AF08-CFC3B6A86775}.Debug|Any CPU.ActiveCfg = Debug|Any CPU
		{4C100B4C-6833-40ED-AF08-CFC3B6A86775}.Debug|Any CPU.Build.0 = Debug|Any CPU
		{4C100B4C-6833-40ED-AF08-CFC3B6A86775}.Release|Any CPU.ActiveCfg = Release|Any CPU
		{4C100B4C-6833-40ED-AF08-CFC3B6A86775}.Release|Any CPU.Build.0 = Release|Any CPU
		{02C7C9A8-93A8-45C1-AC28-CD3D2063E6A7}.Debug|Any CPU.ActiveCfg = Debug|Any CPU
		{02C7C9A8-93A8-45C1-AC28-CD3D2063E6A7}.Debug|Any CPU.Build.0 = Debug|Any CPU
		{02C7C9A8-93A8-45C1-AC28-CD3D2063E6A7}.Release|Any CPU.ActiveCfg = Release|Any CPU
		{02C7C9A8-93A8-45C1-AC28-CD3D2063E6A7}.Release|Any CPU.Build.0 = Release|Any CPU
	EndGlobalSection
	GlobalSection(SolutionProperties) = preSolution
		HideSolutionNode = FALSE
	EndGlobalSection
	GlobalSection(ExtensibilityGlobals) = postSolution
		SolutionGuid = {8F26A268-E71D-4D35-82ED-9AF34374C2F7}
	EndGlobalSection
EndGlobal
